
Microsoft Visual Studio Solution File, Format Version 12.00
# Visual Studio Version 16
VisualStudioVersion = 16.0.31205.134
MinimumVisualStudioVersion = 10.0.40219.1
Project("{9A19103F-16F7-4668-BE54-9A1E7A4F7556}") = "NameGeneratorLibrary", "NameGeneratorLibrary\NameGeneratorLibrary.csproj", "{3F9B05B4-359E-41C8-AB79-6578F79A4345}"
EndProject
Project("{9A19103F-16F7-4668-BE54-9A1E7A4F7556}") = "NameGeneratorConsole", "NameGeneratorConsole\NameGeneratorConsole.csproj", "{FF3FFED0-ADBA-46B4-9467-6E6C91E0955E}"
	ProjectSection(ProjectDependencies) = postProject
		{3F9B05B4-359E-41C8-AB79-6578F79A4345} = {3F9B05B4-359E-41C8-AB79-6578F79A4345}
	EndProjectSection
EndProject
Project("{FAE04EC0-301F-11D3-BF4B-00C04F79EFBC}") = "NameGeneratorTest", "NameGeneratorTest\NameGeneratorTest.csproj", "{C88D4909-553D-495A-8130-FB1B4FD9C2FD}"
	ProjectSection(ProjectDependencies) = postProject
		{3F9B05B4-359E-41C8-AB79-6578F79A4345} = {3F9B05B4-359E-41C8-AB79-6578F79A4345}
	EndProjectSection
EndProject
Global
	GlobalSection(SolutionConfigurationPlatforms) = preSolution
		Debug|Any CPU = Debug|Any CPU
		Release|Any CPU = Release|Any CPU
	EndGlobalSection
	GlobalSection(ProjectConfigurationPlatforms) = postSolution
		{3F9B05B4-359E-41C8-AB79-6578F79A4345}.Debug|Any CPU.ActiveCfg = Debug|Any CPU
		{3F9B05B4-359E-41C8-AB79-6578F79A4345}.Debug|Any CPU.Build.0 = Debug|Any CPU
		{3F9B05B4-359E-41C8-AB79-6578F79A4345}.Release|Any CPU.ActiveCfg = Release|Any CPU
		{3F9B05B4-359E-41C8-AB79-6578F79A4345}.Release|Any CPU.Build.0 = Release|Any CPU
		{FF3FFED0-ADBA-46B4-9467-6E6C91E0955E}.Debug|Any CPU.ActiveCfg = Debug|Any CPU
		{FF3FFED0-ADBA-46B4-9467-6E6C91E0955E}.Debug|Any CPU.Build.0 = Debug|Any CPU
		{FF3FFED0-ADBA-46B4-9467-6E6C91E0955E}.Release|Any CPU.ActiveCfg = Release|Any CPU
		{FF3FFED0-ADBA-46B4-9467-6E6C91E0955E}.Release|Any CPU.Build.0 = Release|Any CPU
		{C88D4909-553D-495A-8130-FB1B4FD9C2FD}.Debug|Any CPU.ActiveCfg = Debug|Any CPU
		{C88D4909-553D-495A-8130-FB1B4FD9C2FD}.Debug|Any CPU.Build.0 = Debug|Any CPU
		{C88D4909-553D-495A-8130-FB1B4FD9C2FD}.Release|Any CPU.ActiveCfg = Release|Any CPU
		{C88D4909-553D-495A-8130-FB1B4FD9C2FD}.Release|Any CPU.Build.0 = Release|Any CPU
	EndGlobalSection
	GlobalSection(SolutionProperties) = preSolution
		HideSolutionNode = FALSE
	EndGlobalSection
	GlobalSection(ExtensibilityGlobals) = postSolution
		SolutionGuid = {08A3CC58-82C7-4266-910F-75AAEC62E2D3}
	EndGlobalSection
EndGlobal
